<?xml version="1.0" encoding="UTF-8"?>
<Scheme LastUpgradeVersion = "1600" version = "1.7">
   <BuildAction buildImplicitDependencies = "YES" parallelizeBuildables = "YES">
      <BuildActionEntries>
         <BuildActionEntry buildForTesting = "YES" buildForRunning = "YES" buildForProfiling = "YES" buildForArchiving = "YES" buildForAnalyzing = "YES">
            <BuildableReference BuildableIdentifier = "primary" BlueprintIdentifier = "6772EC0E5D0CA05E04DDDB49" BuildableName = "DigiFox.app" BlueprintName = "DigiFox" ReferencedContainer = "container:DigiFox.xcodeproj" />
         </BuildActionEntry>
      </BuildActionEntries>
   </BuildAction>
</Scheme>
