// !$*UTF8*$!
{
	archiveVersion = 1;
	classes = {
	};
	objectVersion = 77;
	objects = {

/* Begin PBXBuildFile section */
		064254843EF46811A0F64A1C /* QSOPanelView.swift in Sources */ = {isa = PBXBuildFile; fileRef = A5B2B7A5EA5AE3C44BBD8E24 /* QSOPanelView.swift */; };
		98BAAD4DDFF444E3E7195165 /* CWView.swift in Sources */ = {isa = PBXBuildFile; fileRef = 5721BEC64C1746861BAF08C0 /* CWView.swift */; };
		B1C2D3E4F5A6B7C8D9E0F1A2 /* MorseKeyShape.swift in Sources */ = {isa = PBXBuildFile; fileRef = B1C2D3E4F5A6B7C8D9E0F1A3 /* MorseKeyShape.swift */; };
		D1E2F3A4B5C6D7E8F9A0B1C2 /* CWWaterfallView.swift in Sources */ = {isa = PBXBuildFile; fileRef = D1E2F3A4B5C6D7E8F9A0B1C3 /* CWWaterfallView.swift */; };
		C2D3E4F5A6B7C8D9E0F1A2B3 /* JS8Icon.swift in Sources */ = {isa = PBXBuildFile; fileRef = C2D3E4F5A6B7C8D9E0F1A2B4 /* JS8Icon.swift */; };
		AA11BB22CC33DD44EE55FF02 /* ggmorse.cpp in Sources */ = {isa = PBXBuildFile; fileRef = AA11BB22CC33DD44EE55FF01 /* ggmorse.cpp */; };
		AA11BB22CC33DD44EE55FF04 /* resampler.cpp in Sources */ = {isa = PBXBuildFile; fileRef = AA11BB22CC33DD44EE55FF03 /* resampler.cpp */; };
		AA11BB22CC33DD44EE55FF06 /* ggmorse_c_api.mm in Sources */ = {isa = PBXBuildFile; fileRef = AA11BB22CC33DD44EE55FF05 /* ggmorse_c_api.mm */; };
		AA11BB22CC33DD44EE55FF08 /* GGMorseDecoder.swift in Sources */ = {isa = PBXBuildFile; fileRef = AA11BB22CC33DD44EE55FF07 /* GGMorseDecoder.swift */; };
		136A0BADE21424C318DEFD97 /* WaterfallView.swift in Sources */ = {isa = PBXBuildFile; fileRef = 7354379C821B3BA96621F06D /* WaterfallView.swift */; };
		3ADAE0FFB514D7FC85E78D19 /* PackMessage.swift in Sources */ = {isa = PBXBuildFile; fileRef = A4061FA3A3FDB6066C0F5E61 /* PackMessage.swift */; };
		3D41BF98CA1833EA912F7B78 /* Assets.xcassets in Resources */ = {isa = PBXBuildFile; fileRef = 994344ED8663AD082F19E5F0 /* Assets.xcassets */; };
		3DD47D3D86CC03B027C0D2FD /* FT8CRC.swift in Sources */ = {isa = PBXBuildFile; fileRef = 418435FE10D17B959EF0917F /* FT8CRC.swift */; };
		45395C5049E39FFC267D9021 /* FT8CostasSync.swift in Sources */ = {isa = PBXBuildFile; fileRef = 8D552626313496C2C53436CC /* FT8CostasSync.swift */; };
		47CF22F68DE0DB3001BD604B /* CATController.swift in Sources */ = {isa = PBXBuildFile; fileRef = A580375583F534EC4B83A224 /* CATController.swift */; };
		E85DC350C18EFFFB2C57092D /* MorseKeyer.swift in Sources */ = {isa = PBXBuildFile; fileRef = 62DBA00E8C335F5DDCE7D367 /* MorseKeyer.swift */; };
		4E98547E4734AB6FB01A7214 /* SerialPort.swift in Sources */ = {isa = PBXBuildFile; fileRef = 9E5BB22A1B82163851B452FC /* SerialPort.swift */; };
		54494D51D2B9EEC718D2F8C7 /* FT8MessagePack.swift in Sources */ = {isa = PBXBuildFile; fileRef = B487AE99DA9A72024D0BC911 /* FT8MessagePack.swift */; };
		56454416AC5E0719E6594B03 /* JS8Demodulator.swift in Sources */ = {isa = PBXBuildFile; fileRef = 31DED2C96F47C2E9EBA84A99 /* JS8Demodulator.swift */; };
		56FBE2200A28FCA4671187FE /* ContentView.swift in Sources */ = {isa = PBXBuildFile; fileRef = B14583D19B921994C4665B7E /* ContentView.swift */; };
		5D78E577BC3BA5E4BCC45FE8 /* DigiFoxApp.swift in Sources */ = {isa = PBXBuildFile; fileRef = FB6ED5782F101779C286560E /* DigiFoxApp.swift */; };
		7FC4C58E90E2D9980692F1C4 /* FT8Demodulator.swift in Sources */ = {isa = PBXBuildFile; fileRef = A743E44179907C4095C9C0E7 /* FT8Demodulator.swift */; };
		8720DD51995DA5D5CA21DC88 /* IOKitUSBSerial.m in Sources */ = {isa = PBXBuildFile; fileRef = 9AA2ADB2B9D65C3DCD2F6787 /* IOKitUSBSerial.m */; };
		89CA2F072218AE7A16625C59 /* JS8CostasSync.swift in Sources */ = {isa = PBXBuildFile; fileRef = E9347F13C309171E2EE0FA2F /* JS8CostasSync.swift */; };
		9333C074877601AFBDC6BCD0 /* TransmitView.swift in Sources */ = {isa = PBXBuildFile; fileRef = 192E563AD496F876A00BCCC6 /* TransmitView.swift */; };
		96F2C9535FBC3CFB73EF0A27 /* FFTProcessor.swift in Sources */ = {isa = PBXBuildFile; fileRef = 7C27D0DFD4300E362E4FA820 /* FFTProcessor.swift */; };
		9D2A5A6C306BF35B02D878D3 /* Station.swift in Sources */ = {isa = PBXBuildFile; fileRef = 70E07C9F63A23433D9AC19B7 /* Station.swift */; };
		A2C0C56E20AE4ED76BDB7BED /* AppState.swift in Sources */ = {isa = PBXBuildFile; fileRef = B7362B696CD0741400AECD33 /* AppState.swift */; };
		A610F56A8E75AF78DA03BB31 /* JS8Protocol.swift in Sources */ = {isa = PBXBuildFile; fileRef = B6F13E1F0B7D04F5EDE880BE /* JS8Protocol.swift */; };
		A6A97E04832DDEEEAD389FDA /* BandActivityView.swift in Sources */ = {isa = PBXBuildFile; fileRef = DF3072BCA53FEB5F523A08B4 /* BandActivityView.swift */; };
		A7D652EBFF30B44F4F2F7202 /* FT8LDPC.swift in Sources */ = {isa = PBXBuildFile; fileRef = E46D1FCCED3D0598F17EBED7 /* FT8LDPC.swift */; };
		ACFEF84CE50EB7CB5D1D3B5B /* JS8CRC.swift in Sources */ = {isa = PBXBuildFile; fileRef = 0ABA1961DFD56F773EFFBE68 /* JS8CRC.swift */; };
		B412839F42DFAB78C39D04FD /* ClockView.swift in Sources */ = {isa = PBXBuildFile; fileRef = 402F7BC2894D85D4BA72E7D5 /* ClockView.swift */; };
		D945D8CD0010A1F5C266E9E0 /* JS8Modulator.swift in Sources */ = {isa = PBXBuildFile; fileRef = 114AD2A831EDAF8C8FBB9FB2 /* JS8Modulator.swift */; };
		DAA141A430E5D8FF2201E904 /* FT8Protocol.swift in Sources */ = {isa = PBXBuildFile; fileRef = 02B03BF1B9F488A4C6226CFB /* FT8Protocol.swift */; };
		E409D68845E8DB65BF6A02CD /* HamlibRig.swift in Sources */ = {isa = PBXBuildFile; fileRef = F48778C5CEC1F377AD721046 /* HamlibRig.swift */; };
		E7CCC16F41B3BF38F3AFB2C9 /* FT8Modulator.swift in Sources */ = {isa = PBXBuildFile; fileRef = 529893966F36D4348C07DF45 /* FT8Modulator.swift */; };
				A1B2C3D4E5F67890ABCD1235 /* TruSDXSerialAudio.swift in Sources */ = {isa = PBXBuildFile; fileRef = A1B2C3D4E5F67890ABCD1234 /* TruSDXSerialAudio.swift */; };
		E9D7A8B64BA0BA9BBB16B13A /* AudioEngine.swift in Sources */ = {isa = PBXBuildFile; fileRef = 9B57730840D19777B21EEDA5 /* AudioEngine.swift */; };
		FAEB95B767BE19E8293239E5 /* JS8LDPC.swift in Sources */ = {isa = PBXBuildFile; fileRef = 1BD4C25E26B814B10704A659 /* JS8LDPC.swift */; };
		FDF44DC5CB1DEFB68997677F /* hamlib_missing.c in Sources */ = {isa = PBXBuildFile; fileRef = A03C34181F0E5CFD42AD650F /* hamlib_missing.c */; };
		3DF64C06C73485A71513FA8D /* Message.swift in Sources */ = {isa = PBXBuildFile; fileRef = 767548390C6AA54D38A1E9EB /* Message.swift */; };
		F10FFE3027865181398D74FA /* Settings.swift in Sources */ = {isa = PBXBuildFile; fileRef = 73B97C79A1D2D6953F3C7682 /* Settings.swift */; };
		2D0914D5AF03A0443965406F /* RadioProfile.swift in Sources */ = {isa = PBXBuildFile; fileRef = CB1CFB413DE6E09F3B76BA9E /* RadioProfile.swift */; };
		DE0FC3664ACDB359FBF073A6 /* FT8FrequencyView.swift in Sources */ = {isa = PBXBuildFile; fileRef = 409CBE374539C254F1DF51B2 /* FT8FrequencyView.swift */; };
		E373813AA45A1E073A02B5EF /* FT8MessageListView.swift in Sources */ = {isa = PBXBuildFile; fileRef = 16DA70B60B4D43C5260AF188 /* FT8MessageListView.swift */; };
		5566A55A16186E0E1581034E /* JS8FrequencyView.swift in Sources */ = {isa = PBXBuildFile; fileRef = 1E995FAEC96220375DFA0A74 /* JS8FrequencyView.swift */; };
		7F6AF5B670633B922C8517AB /* JS8MessageListView.swift in Sources */ = {isa = PBXBuildFile; fileRef = BBD6932AE819EA4B97B52003 /* JS8MessageListView.swift */; };
		E51138FCA16481FB3930D216 /* SettingsView.swift in Sources */ = {isa = PBXBuildFile; fileRef = FA1849AA26D00C6A1AC3A124 /* SettingsView.swift */; };
		CE30ACCD282740EBA145B5D8 /* LocationManager.swift in Sources */ = {isa = PBXBuildFile; fileRef = 5104ACA8BBA24A30B17A891E /* LocationManager.swift */; };
		C1965A33FBCC4728BD53D4DF /* BandPlan.swift in Sources */ = {isa = PBXBuildFile; fileRef = 86CEB297BD5C455ABADCDE45 /* BandPlan.swift */; };
		895AA7806CBE4034873A908F /* cw_decoder.c in Sources */ = {isa = PBXBuildFile; fileRef = 9E06FBEBBED340788E8162AD /* cw_decoder.c */; };
		2F4D06F3D4614BF5A33C4584 /* iir_filter.c in Sources */ = {isa = PBXBuildFile; fileRef = DC6CEE5B4D054B50A7AD9EF3 /* iir_filter.c */; };
		1FF8D79DBBD745A18397D012 /* iir_filter_neon.c in Sources */ = {isa = PBXBuildFile; fileRef = 39C5FDB5D0F44A799649F727 /* iir_filter_neon.c */; };
		1E75AB85B60449F382BF827E /* envelope.c in Sources */ = {isa = PBXBuildFile; fileRef = A33A39B26B8F4D1EAF6BD204 /* envelope.c */; };
		75A4E287C49744B48AE753DF /* envelope_neon.c in Sources */ = {isa = PBXBuildFile; fileRef = B6D9C5A82F8246258AC46538 /* envelope_neon.c */; };
		3D38325041224F90B52708EA /* morse_table.c in Sources */ = {isa = PBXBuildFile; fileRef = D7E9F5C132DC4F7CB50ED1FE /* morse_table.c */; };
		FB80595FCE204D208E63087A /* timing.c in Sources */ = {isa = PBXBuildFile; fileRef = 78E62E17ECB04CC19AD7A050 /* timing.c */; };
		5209CBB95EF2468BAB57B2B6 /* output_filter.c in Sources */ = {isa = PBXBuildFile; fileRef = A03C8C0854D54BDFBBC05609 /* output_filter.c */; };
		E2112DC554CE4287992E1D0B /* kalman.c in Sources */ = {isa = PBXBuildFile; fileRef = 77B9C3D1CE92445794D89AE6 /* kalman.c */; };
		E2AD17D58F154912ADF38F8C /* multipass_avg.c in Sources */ = {isa = PBXBuildFile; fileRef = 800C5FA98B9F476C903DC872 /* multipass_avg.c */; };
		EB62927D3F374271BA782020 /* simd_detect.c in Sources */ = {isa = PBXBuildFile; fileRef = A2569AA4DE6F4CEE921224EE /* simd_detect.c */; };
		3C53BD5574B0412DA14C2828 /* CWDecoder.swift in Sources */ = {isa = PBXBuildFile; fileRef = 8020A38DE7AD49A787CEBE17 /* CWDecoder.swift */; };
/* End PBXBuildFile section */

/* Begin PBXFileReference section */
		02B03BF1B9F488A4C6226CFB /* FT8Protocol.swift */ = {isa = PBXFileReference; lastKnownFileType = sourcecode.swift; path = FT8Protocol.swift; sourceTree = "<group>"; };
		0ABA1961DFD56F773EFFBE68 /* JS8CRC.swift */ = {isa = PBXFileReference; lastKnownFileType = sourcecode.swift; path = JS8CRC.swift; sourceTree = "<group>"; };
		114AD2A831EDAF8C8FBB9FB2 /* JS8Modulator.swift */ = {isa = PBXFileReference; lastKnownFileType = sourcecode.swift; path = JS8Modulator.swift; sourceTree = "<group>"; };
		192E563AD496F876A00BCCC6 /* TransmitView.swift */ = {isa = PBXFileReference; lastKnownFileType = sourcecode.swift; path = TransmitView.swift; sourceTree = "<group>"; };
		1BD4C25E26B814B10704A659 /* JS8LDPC.swift */ = {isa = PBXFileReference; lastKnownFileType = sourcecode.swift; path = JS8LDPC.swift; sourceTree = "<group>"; };
		31DED2C96F47C2E9EBA84A99 /* JS8Demodulator.swift */ = {isa = PBXFileReference; lastKnownFileType = sourcecode.swift; path = JS8Demodulator.swift; sourceTree = "<group>"; };
		402F7BC2894D85D4BA72E7D5 /* ClockView.swift */ = {isa = PBXFileReference; lastKnownFileType = sourcecode.swift; path = ClockView.swift; sourceTree = "<group>"; };
		418435FE10D17B959EF0917F /* FT8CRC.swift */ = {isa = PBXFileReference; lastKnownFileType = sourcecode.swift; path = FT8CRC.swift; sourceTree = "<group>"; };
		529893966F36D4348C07DF45 /* FT8Modulator.swift */ = {isa = PBXFileReference; lastKnownFileType = sourcecode.swift; path = FT8Modulator.swift; sourceTree = "<group>"; };
		69BA09EC57DA87A82A7B35D6 /* DigiFox.entitlements */ = {isa = PBXFileReference; lastKnownFileType = text.plist.entitlements; path = DigiFox.entitlements; sourceTree = "<group>"; };
		70E07C9F63A23433D9AC19B7 /* Station.swift */ = {isa = PBXFileReference; lastKnownFileType = sourcecode.swift; path = Station.swift; sourceTree = "<group>"; };
		7354379C821B3BA96621F06D /* WaterfallView.swift */ = {isa = PBXFileReference; lastKnownFileType = sourcecode.swift; path = WaterfallView.swift; sourceTree = "<group>"; };
		7C27D0DFD4300E362E4FA820 /* FFTProcessor.swift */ = {isa = PBXFileReference; lastKnownFileType = sourcecode.swift; path = FFTProcessor.swift; sourceTree = "<group>"; };
		8D552626313496C2C53436CC /* FT8CostasSync.swift */ = {isa = PBXFileReference; lastKnownFileType = sourcecode.swift; path = FT8CostasSync.swift; sourceTree = "<group>"; };
		994344ED8663AD082F19E5F0 /* Assets.xcassets */ = {isa = PBXFileReference; lastKnownFileType = folder.assetcatalog; path = Assets.xcassets; sourceTree = "<group>"; };
		9974C4B72639154796AEA187 /* DigiFox.app */ = {isa = PBXFileReference; includeInIndex = 0; lastKnownFileType = wrapper.application; path = DigiFox.app; sourceTree = BUILT_PRODUCTS_DIR; };
		9AA2ADB2B9D65C3DCD2F6787 /* IOKitUSBSerial.m */ = {isa = PBXFileReference; lastKnownFileType = sourcecode.c.objc; path = IOKitUSBSerial.m; sourceTree = "<group>"; };
				A1B2C3D4E5F67890ABCD1234 /* TruSDXSerialAudio.swift */ = {isa = PBXFileReference; lastKnownFileType = sourcecode.swift; path = TruSDXSerialAudio.swift; sourceTree = "<group>"; };
		9B57730840D19777B21EEDA5 /* AudioEngine.swift */ = {isa = PBXFileReference; lastKnownFileType = sourcecode.swift; path = AudioEngine.swift; sourceTree = "<group>"; };
		9E5BB22A1B82163851B452FC /* SerialPort.swift */ = {isa = PBXFileReference; lastKnownFileType = sourcecode.swift; path = SerialPort.swift; sourceTree = "<group>"; };
		A03C34181F0E5CFD42AD650F /* hamlib_missing.c */ = {isa = PBXFileReference; lastKnownFileType = sourcecode.c.c; path = hamlib_missing.c; sourceTree = "<group>"; };
		A4061FA3A3FDB6066C0F5E61 /* PackMessage.swift */ = {isa = PBXFileReference; lastKnownFileType = sourcecode.swift; path = PackMessage.swift; sourceTree = "<group>"; };
		A580375583F534EC4B83A224 /* CATController.swift */ = {isa = PBXFileReference; lastKnownFileType = sourcecode.swift; path = CATController.swift; sourceTree = "<group>"; };
		62DBA00E8C335F5DDCE7D367 /* MorseKeyer.swift */ = {isa = PBXFileReference; lastKnownFileType = sourcecode.swift; path = MorseKeyer.swift; sourceTree = "<group>"; };
		A5B2B7A5EA5AE3C44BBD8E24 /* QSOPanelView.swift */ = {isa = PBXFileReference; lastKnownFileType = sourcecode.swift; path = QSOPanelView.swift; sourceTree = "<group>"; };
		A743E44179907C4095C9C0E7 /* FT8Demodulator.swift */ = {isa = PBXFileReference; lastKnownFileType = sourcecode.swift; path = FT8Demodulator.swift; sourceTree = "<group>"; };
		B14583D19B921994C4665B7E /* ContentView.swift */ = {isa = PBXFileReference; lastKnownFileType = sourcecode.swift; path = ContentView.swift; sourceTree = "<group>"; };
		B487AE99DA9A72024D0BC911 /* FT8MessagePack.swift */ = {isa = PBXFileReference; lastKnownFileType = sourcecode.swift; path = FT8MessagePack.swift; sourceTree = "<group>"; };
		B6F13E1F0B7D04F5EDE880BE /* JS8Protocol.swift */ = {isa = PBXFileReference; lastKnownFileType = sourcecode.swift; path = JS8Protocol.swift; sourceTree = "<group>"; };
		B7362B696CD0741400AECD33 /* AppState.swift */ = {isa = PBXFileReference; lastKnownFileType = sourcecode.swift; path = AppState.swift; sourceTree = "<group>"; };
		DF3072BCA53FEB5F523A08B4 /* BandActivityView.swift */ = {isa = PBXFileReference; lastKnownFileType = sourcecode.swift; path = BandActivityView.swift; sourceTree = "<group>"; };
		E46D1FCCED3D0598F17EBED7 /* FT8LDPC.swift */ = {isa = PBXFileReference; lastKnownFileType = sourcecode.swift; path = FT8LDPC.swift; sourceTree = "<group>"; };
		E9347F13C309171E2EE0FA2F /* JS8CostasSync.swift */ = {isa = PBXFileReference; lastKnownFileType = sourcecode.swift; path = JS8CostasSync.swift; sourceTree = "<group>"; };
		F05D9D59090B41B404812A32 /* IOKitUSBSerial.h */ = {isa = PBXFileReference; lastKnownFileType = sourcecode.c.h; path = IOKitUSBSerial.h; sourceTree = "<group>"; };
		F48778C5CEC1F377AD721046 /* HamlibRig.swift */ = {isa = PBXFileReference; lastKnownFileType = sourcecode.swift; path = HamlibRig.swift; sourceTree = "<group>"; };
		FA2E4E8F3202061B2C6D40FB /* Info.plist */ = {isa = PBXFileReference; lastKnownFileType = text.plist; path = Info.plist; sourceTree = "<group>"; };
		FB6ED5782F101779C286560E /* DigiFoxApp.swift */ = {isa = PBXFileReference; lastKnownFileType = sourcecode.swift; path = DigiFoxApp.swift; sourceTree = "<group>"; };
		FC88B5C6BE929AAA2439AE99 /* DigiFox-Bridging-Header.h */ = {isa = PBXFileReference; lastKnownFileType = sourcecode.c.h; path = "DigiFox-Bridging-Header.h"; sourceTree = "<group>"; };
		767548390C6AA54D38A1E9EB /* Message.swift */ = {isa = PBXFileReference; lastKnownFileType = sourcecode.swift; name = "Message.swift"; path = "DigiFox/Models/Message.swift"; sourceTree = SOURCE_ROOT; };
		73B97C79A1D2D6953F3C7682 /* Settings.swift */ = {isa = PBXFileReference; lastKnownFileType = sourcecode.swift; name = "Settings.swift"; path = "DigiFox/Models/Settings.swift"; sourceTree = SOURCE_ROOT; };
		CB1CFB413DE6E09F3B76BA9E /* RadioProfile.swift */ = {isa = PBXFileReference; lastKnownFileType = sourcecode.swift; name = "RadioProfile.swift"; path = "DigiFox/Models/RadioProfile.swift"; sourceTree = SOURCE_ROOT; };
		409CBE374539C254F1DF51B2 /* FT8FrequencyView.swift */ = {isa = PBXFileReference; lastKnownFileType = sourcecode.swift; name = "FT8FrequencyView.swift"; path = "DigiFox/Views/FT8/FT8FrequencyView.swift"; sourceTree = SOURCE_ROOT; };
		16DA70B60B4D43C5260AF188 /* FT8MessageListView.swift */ = {isa = PBXFileReference; lastKnownFileType = sourcecode.swift; name = "FT8MessageListView.swift"; path = "DigiFox/Views/FT8/FT8MessageListView.swift"; sourceTree = SOURCE_ROOT; };
		1E995FAEC96220375DFA0A74 /* JS8FrequencyView.swift */ = {isa = PBXFileReference; lastKnownFileType = sourcecode.swift; name = "JS8FrequencyView.swift"; path = "DigiFox/Views/JS8/JS8FrequencyView.swift"; sourceTree = SOURCE_ROOT; };
		BBD6932AE819EA4B97B52003 /* JS8MessageListView.swift */ = {isa = PBXFileReference; lastKnownFileType = sourcecode.swift; name = "JS8MessageListView.swift"; path = "DigiFox/Views/JS8/JS8MessageListView.swift"; sourceTree = SOURCE_ROOT; };
		5721BEC64C1746861BAF08C0 /* CWView.swift */ = {isa = PBXFileReference; lastKnownFileType = sourcecode.swift; name = "CWView.swift"; path = "DigiFox/Views/CW/CWView.swift"; sourceTree = SOURCE_ROOT; };
		B1C2D3E4F5A6B7C8D9E0F1A3 /* MorseKeyShape.swift */ = {isa = PBXFileReference; lastKnownFileType = sourcecode.swift; name = "MorseKeyShape.swift"; path = "DigiFox/Views/CW/MorseKeyShape.swift"; sourceTree = SOURCE_ROOT; };
		D1E2F3A4B5C6D7E8F9A0B1C3 /* CWWaterfallView.swift */ = {isa = PBXFileReference; lastKnownFileType = sourcecode.swift; name = "CWWaterfallView.swift"; path = "DigiFox/Views/CW/CWWaterfallView.swift"; sourceTree = SOURCE_ROOT; };
		C2D3E4F5A6B7C8D9E0F1A2B4 /* JS8Icon.swift */ = {isa = PBXFileReference; lastKnownFileType = sourcecode.swift; name = "JS8Icon.swift"; path = "DigiFox/Views/JS8/JS8Icon.swift"; sourceTree = SOURCE_ROOT; };
		FA1849AA26D00C6A1AC3A124 /* SettingsView.swift */ = {isa = PBXFileReference; lastKnownFileType = sourcecode.swift; name = "SettingsView.swift"; path = "DigiFox/Views/SettingsView.swift"; sourceTree = SOURCE_ROOT; };
		5104ACA8BBA24A30B17A891E /* LocationManager.swift */ = {isa = PBXFileReference; lastKnownFileType = sourcecode.swift; path = LocationManager.swift; sourceTree = "<group>"; };
		86CEB297BD5C455ABADCDE45 /* BandPlan.swift */ = {isa = PBXFileReference; lastKnownFileType = sourcecode.swift; path = BandPlan.swift; sourceTree = "<group>"; };
		9E06FBEBBED340788E8162AD /* cw_decoder.c */ = {isa = PBXFileReference; lastKnownFileType = sourcecode.c.c; path = cw_decoder.c; sourceTree = "<group>"; };
		28DB1A768DE04CC3B1D90109 /* cw_decoder.h */ = {isa = PBXFileReference; lastKnownFileType = sourcecode.c.h; path = cw_decoder.h; sourceTree = "<group>"; };
		DC6CEE5B4D054B50A7AD9EF3 /* iir_filter.c */ = {isa = PBXFileReference; lastKnownFileType = sourcecode.c.c; path = iir_filter.c; sourceTree = "<group>"; };
		6D03778B77934362AA13A632 /* iir_filter.h */ = {isa = PBXFileReference; lastKnownFileType = sourcecode.c.h; path = iir_filter.h; sourceTree = "<group>"; };
		39C5FDB5D0F44A799649F727 /* iir_filter_neon.c */ = {isa = PBXFileReference; lastKnownFileType = sourcecode.c.c; path = iir_filter_neon.c; sourceTree = "<group>"; };
		A33A39B26B8F4D1EAF6BD204 /* envelope.c */ = {isa = PBXFileReference; lastKnownFileType = sourcecode.c.c; path = envelope.c; sourceTree = "<group>"; };
		64E6B2DAB6BE426995ED44EE /* envelope.h */ = {isa = PBXFileReference; lastKnownFileType = sourcecode.c.h; path = envelope.h; sourceTree = "<group>"; };
		B6D9C5A82F8246258AC46538 /* envelope_neon.c */ = {isa = PBXFileReference; lastKnownFileType = sourcecode.c.c; path = envelope_neon.c; sourceTree = "<group>"; };
		D7E9F5C132DC4F7CB50ED1FE /* morse_table.c */ = {isa = PBXFileReference; lastKnownFileType = sourcecode.c.c; path = morse_table.c; sourceTree = "<group>"; };
		7804783FCEAB470CA69D0BAC /* morse_table.h */ = {isa = PBXFileReference; lastKnownFileType = sourcecode.c.h; path = morse_table.h; sourceTree = "<group>"; };
		78E62E17ECB04CC19AD7A050 /* timing.c */ = {isa = PBXFileReference; lastKnownFileType = sourcecode.c.c; path = timing.c; sourceTree = "<group>"; };
		FA40EBB57BCC4A37B40832B6 /* timing.h */ = {isa = PBXFileReference; lastKnownFileType = sourcecode.c.h; path = timing.h; sourceTree = "<group>"; };
		A03C8C0854D54BDFBBC05609 /* output_filter.c */ = {isa = PBXFileReference; lastKnownFileType = sourcecode.c.c; path = output_filter.c; sourceTree = "<group>"; };
		EC4B3B9075C2431ABBCAB084 /* output_filter.h */ = {isa = PBXFileReference; lastKnownFileType = sourcecode.c.h; path = output_filter.h; sourceTree = "<group>"; };
		77B9C3D1CE92445794D89AE6 /* kalman.c */ = {isa = PBXFileReference; lastKnownFileType = sourcecode.c.c; path = kalman.c; sourceTree = "<group>"; };
		5967F824EFF541CDAAAA5A4D /* kalman.h */ = {isa = PBXFileReference; lastKnownFileType = sourcecode.c.h; path = kalman.h; sourceTree = "<group>"; };
		800C5FA98B9F476C903DC872 /* multipass_avg.c */ = {isa = PBXFileReference; lastKnownFileType = sourcecode.c.c; path = multipass_avg.c; sourceTree = "<group>"; };
		ECCDC51ECD1B43EEBD5686F8 /* multipass_avg.h */ = {isa = PBXFileReference; lastKnownFileType = sourcecode.c.h; path = multipass_avg.h; sourceTree = "<group>"; };
		A2569AA4DE6F4CEE921224EE /* simd_detect.c */ = {isa = PBXFileReference; lastKnownFileType = sourcecode.c.c; path = simd_detect.c; sourceTree = "<group>"; };
		A52B590E4EAD4EEEAC4C2428 /* simd_detect.h */ = {isa = PBXFileReference; lastKnownFileType = sourcecode.c.h; path = simd_detect.h; sourceTree = "<group>"; };
		8020A38DE7AD49A787CEBE17 /* CWDecoder.swift */ = {isa = PBXFileReference; lastKnownFileType = sourcecode.swift; path = CWDecoder.swift; sourceTree = "<group>"; };
		AA11BB22CC33DD44EE55FF01 /* ggmorse.cpp */ = {isa = PBXFileReference; lastKnownFileType = sourcecode.cpp.cpp; name = "ggmorse.cpp"; path = "vendor/ggmorse/ggmorse.cpp"; sourceTree = SOURCE_ROOT; };
		AA11BB22CC33DD44EE55FF03 /* resampler.cpp */ = {isa = PBXFileReference; lastKnownFileType = sourcecode.cpp.cpp; name = "resampler.cpp"; path = "vendor/ggmorse/resampler.cpp"; sourceTree = SOURCE_ROOT; };
		AA11BB22CC33DD44EE55FF05 /* ggmorse_c_api.mm */ = {isa = PBXFileReference; lastKnownFileType = sourcecode.cpp.objcpp; path = ggmorse_c_api.mm; sourceTree = "<group>"; };
		AA11BB22CC33DD44EE55FF07 /* GGMorseDecoder.swift */ = {isa = PBXFileReference; lastKnownFileType = sourcecode.swift; path = GGMorseDecoder.swift; sourceTree = "<group>"; };
		AA11BB22CC33DD44EE55FF09 /* ggmorse_c_api.h */ = {isa = PBXFileReference; lastKnownFileType = sourcecode.c.h; path = ggmorse_c_api.h; sourceTree = "<group>"; };
/* End PBXFileReference section */

/* Begin PBXGroup section */
		16FFA9D4604AE7535C90539A /* Serial */ = {
			isa = PBXGroup;
			children = (
				A580375583F534EC4B83A224 /* CATController.swift */,
				62DBA00E8C335F5DDCE7D367 /* MorseKeyer.swift */,
				F48778C5CEC1F377AD721046 /* HamlibRig.swift */,
				F05D9D59090B41B404812A32 /* IOKitUSBSerial.h */,
				9AA2ADB2B9D65C3DCD2F6787 /* IOKitUSBSerial.m */,
				9E5BB22A1B82163851B452FC /* SerialPort.swift */,
			);
			path = Serial;
			sourceTree = "<group>";
		};
		3162F0A739A1503D79C5C77C /* FT8 */ = {
			isa = PBXGroup;
			children = (
				8D552626313496C2C53436CC /* FT8CostasSync.swift */,
				418435FE10D17B959EF0917F /* FT8CRC.swift */,
				A743E44179907C4095C9C0E7 /* FT8Demodulator.swift */,
				E46D1FCCED3D0598F17EBED7 /* FT8LDPC.swift */,
				B487AE99DA9A72024D0BC911 /* FT8MessagePack.swift */,
				529893966F36D4348C07DF45 /* FT8Modulator.swift */,
				02B03BF1B9F488A4C6226CFB /* FT8Protocol.swift */,
			);
			path = FT8;
			sourceTree = "<group>";
		};
		35D4949E2C6C8D887CA076C9 = {
			isa = PBXGroup;
			children = (
				885EECA46C00596EF02074FE /* DigiFox */,
				D4A564A37B2E058AD68C20FD /* Products */,
			);
			sourceTree = "<group>";
		};
		42CA9773F9222CC41D2D11E7 /* Audio */ = {
			isa = PBXGroup;
			children = (
				9B57730840D19777B21EEDA5 /* AudioEngine.swift */,
				A1B2C3D4E5F67890ABCD1234 /* TruSDXSerialAudio.swift */,
				7C27D0DFD4300E362E4FA820 /* FFTProcessor.swift */,
			);
			path = Audio;
			sourceTree = "<group>";
		};
		4775D2CE0E7257D1E9781109 /* HamlibStubs */ = {
			isa = PBXGroup;
			children = (
				A03C34181F0E5CFD42AD650F /* hamlib_missing.c */,
			);
			path = HamlibStubs;
			sourceTree = "<group>";
		};
		6458CC06F3E6FB57D79D5340 /* JS8 */ = {
			isa = PBXGroup;
			children = (
				192E563AD496F876A00BCCC6 /* TransmitView.swift */,
				C2D3E4F5A6B7C8D9E0F1A2B4 /* JS8Icon.swift */,
			);
			path = JS8;
			sourceTree = "<group>";
		};
		885EECA46C00596EF02074FE /* DigiFox */ = {
			isa = PBXGroup;
			children = (
				994344ED8663AD082F19E5F0 /* Assets.xcassets */,
				FC88B5C6BE929AAA2439AE99 /* DigiFox-Bridging-Header.h */,
				69BA09EC57DA87A82A7B35D6 /* DigiFox.entitlements */,
				FA2E4E8F3202061B2C6D40FB /* Info.plist */,
				F2F14C716C3C551D84A5C425 /* App */,
				42CA9773F9222CC41D2D11E7 /* Audio */,
				B59712FC1DAE2E8A56C55184 /* Codec */,
				4775D2CE0E7257D1E9781109 /* HamlibStubs */,
				DEDAD50F16D8183C5F27EE88 /* Models */,
				16FFA9D4604AE7535C90539A /* Serial */,
				E17000C80B9D69E84FA2A1CC /* Views */,
			
				BDE601E697BC41898EAB17C8 /* Location */,);
			path = DigiFox;
			sourceTree = "<group>";
		};
		B59712FC1DAE2E8A56C55184 /* Codec */ = {
			isa = PBXGroup;
			children = (
				3162F0A739A1503D79C5C77C /* FT8 */,
				F3C3A79EE0AB64B4B1FA781A /* JS8 */,
			
				582CA28724C94084AF5A423F /* CW */,);
			path = Codec;
			sourceTree = "<group>";
		};
		D4A564A37B2E058AD68C20FD /* Products */ = {
			isa = PBXGroup;
			children = (
				9974C4B72639154796AEA187 /* DigiFox.app */,
			);
			name = Products;
			sourceTree = "<group>";
		};
		D6BDE5B4F829D7E61279FCDE /* FT8 */ = {
			isa = PBXGroup;
			children = (
				DF3072BCA53FEB5F523A08B4 /* BandActivityView.swift */,
				402F7BC2894D85D4BA72E7D5 /* ClockView.swift */,
				A5B2B7A5EA5AE3C44BBD8E24 /* QSOPanelView.swift */,
			);
			path = FT8;
			sourceTree = "<group>";
		};
		380B32B34CDD352AAAEDC231 /* CW */ = {
			isa = PBXGroup;
			children = (
				5721BEC64C1746861BAF08C0 /* CWView.swift */,
				B1C2D3E4F5A6B7C8D9E0F1A3 /* MorseKeyShape.swift */,
				D1E2F3A4B5C6D7E8F9A0B1C3 /* CWWaterfallView.swift */,
			);
			path = CW;
			sourceTree = "<group>";
		};
		DEDAD50F16D8183C5F27EE88 /* Models */ = {
			isa = PBXGroup;
			children = (
				70E07C9F63A23433D9AC19B7 /* Station.swift */,
			
				86CEB297BD5C455ABADCDE45 /* BandPlan.swift */,);
			path = Models;
			sourceTree = "<group>";
		};
		E17000C80B9D69E84FA2A1CC /* Views */ = {
			isa = PBXGroup;
			children = (
				7354379C821B3BA96621F06D /* WaterfallView.swift */,
				D6BDE5B4F829D7E61279FCDE /* FT8 */,
				6458CC06F3E6FB57D79D5340 /* JS8 */,
				380B32B34CDD352AAAEDC231 /* CW */,
			);
			path = Views;
			sourceTree = "<group>";
		};
		F2F14C716C3C551D84A5C425 /* App */ = {
			isa = PBXGroup;
			children = (
				B7362B696CD0741400AECD33 /* AppState.swift */,
				B14583D19B921994C4665B7E /* ContentView.swift */,
				FB6ED5782F101779C286560E /* DigiFoxApp.swift */,
			);
			path = App;
			sourceTree = "<group>";
		};
		F3C3A79EE0AB64B4B1FA781A /* JS8 */ = {
			isa = PBXGroup;
			children = (
				E9347F13C309171E2EE0FA2F /* JS8CostasSync.swift */,
				0ABA1961DFD56F773EFFBE68 /* JS8CRC.swift */,
				31DED2C96F47C2E9EBA84A99 /* JS8Demodulator.swift */,
				1BD4C25E26B814B10704A659 /* JS8LDPC.swift */,
				114AD2A831EDAF8C8FBB9FB2 /* JS8Modulator.swift */,
				B6F13E1F0B7D04F5EDE880BE /* JS8Protocol.swift */,
				A4061FA3A3FDB6066C0F5E61 /* PackMessage.swift */,
			);
			path = JS8;
			sourceTree = "<group>";
		};
		BDE601E697BC41898EAB17C8 /* Location */ = {
			isa = PBXGroup;
			children = (
				5104ACA8BBA24A30B17A891E /* LocationManager.swift */,
			);
			path = Location;
			sourceTree = "<group>";
		};
		582CA28724C94084AF5A423F /* CW */ = {
			isa = PBXGroup;
			children = (
				9E06FBEBBED340788E8162AD /* cw_decoder.c */,
				28DB1A768DE04CC3B1D90109 /* cw_decoder.h */,
				DC6CEE5B4D054B50A7AD9EF3 /* iir_filter.c */,
				6D03778B77934362AA13A632 /* iir_filter.h */,
				39C5FDB5D0F44A799649F727 /* iir_filter_neon.c */,
				A33A39B26B8F4D1EAF6BD204 /* envelope.c */,
				64E6B2DAB6BE426995ED44EE /* envelope.h */,
				B6D9C5A82F8246258AC46538 /* envelope_neon.c */,
				D7E9F5C132DC4F7CB50ED1FE /* morse_table.c */,
				7804783FCEAB470CA69D0BAC /* morse_table.h */,
				78E62E17ECB04CC19AD7A050 /* timing.c */,
				FA40EBB57BCC4A37B40832B6 /* timing.h */,
				A03C8C0854D54BDFBBC05609 /* output_filter.c */,
				EC4B3B9075C2431ABBCAB084 /* output_filter.h */,
				77B9C3D1CE92445794D89AE6 /* kalman.c */,
				5967F824EFF541CDAAAA5A4D /* kalman.h */,
				800C5FA98B9F476C903DC872 /* multipass_avg.c */,
				ECCDC51ECD1B43EEBD5686F8 /* multipass_avg.h */,
				A2569AA4DE6F4CEE921224EE /* simd_detect.c */,
				A52B590E4EAD4EEEAC4C2428 /* simd_detect.h */,
				8020A38DE7AD49A787CEBE17 /* CWDecoder.swift */,
				AA11BB22CC33DD44EE55FF05 /* ggmorse_c_api.mm */,
				AA11BB22CC33DD44EE55FF09 /* ggmorse_c_api.h */,
				AA11BB22CC33DD44EE55FF07 /* GGMorseDecoder.swift */,
			);
			path = CW;
			sourceTree = "<group>";
		};
/* End PBXGroup section */

/* Begin PBXNativeTarget section */
		8263661C9454D5A9F74A2452 /* DigiFox */ = {
			isa = PBXNativeTarget;
			buildConfigurationList = D046ED489AA4F7047CE3A9AC /* Build configuration list for PBXNativeTarget "DigiFox" */;
			buildPhases = (
				786B312DDA51E168089A1E34 /* Sources */,
				22ED092AE861360D3409E229 /* Resources */,
			);
			buildRules = (
			);
			dependencies = (
			);
			name = DigiFox;
			packageProductDependencies = (
			);
			productName = DigiFox;
			productReference = 9974C4B72639154796AEA187 /* DigiFox.app */;
			productType = "com.apple.product-type.application";
		};
/* End PBXNativeTarget section */

/* Begin PBXProject section */
		A4BAE52D63E8EF221C9AA163 /* Project object */ = {
			isa = PBXProject;
			attributes = {
				BuildIndependentTargetsInParallel = YES;
				LastUpgradeCheck = 1600;
				TargetAttributes = {
					8263661C9454D5A9F74A2452 = {
						DevelopmentTeam = "";
					};
				};
			};
			buildConfigurationList = 90B13F05ED0D3BA23D4F8A8D /* Build configuration list for PBXProject "DigiFox" */;
			compatibilityVersion = "Xcode 14.0";
			developmentRegion = en;
			hasScannedForEncodings = 0;
			knownRegions = (
				Base,
				en,
			);
			mainGroup = 35D4949E2C6C8D887CA076C9;
			minimizedProjectReferenceProxies = 1;
			preferredProjectObjectVersion = 77;
			projectDirPath = "";
			projectRoot = "";
			targets = (
				8263661C9454D5A9F74A2452 /* DigiFox */,
			);
		};
/* End PBXProject section */

/* Begin PBXResourcesBuildPhase section */
		22ED092AE861360D3409E229 /* Resources */ = {
			isa = PBXResourcesBuildPhase;
			buildActionMask = 2147483647;
			files = (
				3D41BF98CA1833EA912F7B78 /* Assets.xcassets in Resources */,
			);
			runOnlyForDeploymentPostprocessing = 0;
		};
/* End PBXResourcesBuildPhase section */

/* Begin PBXSourcesBuildPhase section */
		786B312DDA51E168089A1E34 /* Sources */ = {
			isa = PBXSourcesBuildPhase;
			buildActionMask = 2147483647;
			files = (
				A2C0C56E20AE4ED76BDB7BED /* AppState.swift in Sources */,
				E9D7A8B64BA0BA9BBB16B13A /* AudioEngine.swift in Sources */,
				A6A97E04832DDEEEAD389FDA /* BandActivityView.swift in Sources */,
				47CF22F68DE0DB3001BD604B /* CATController.swift in Sources */,
				E85DC350C18EFFFB2C57092D /* MorseKeyer.swift in Sources */,
				B412839F42DFAB78C39D04FD /* ClockView.swift in Sources */,
				56FBE2200A28FCA4671187FE /* ContentView.swift in Sources */,
				5D78E577BC3BA5E4BCC45FE8 /* DigiFoxApp.swift in Sources */,
				96F2C9535FBC3CFB73EF0A27 /* FFTProcessor.swift in Sources */,
				3DD47D3D86CC03B027C0D2FD /* FT8CRC.swift in Sources */,
				45395C5049E39FFC267D9021 /* FT8CostasSync.swift in Sources */,
				7FC4C58E90E2D9980692F1C4 /* FT8Demodulator.swift in Sources */,
				A7D652EBFF30B44F4F2F7202 /* FT8LDPC.swift in Sources */,
				54494D51D2B9EEC718D2F8C7 /* FT8MessagePack.swift in Sources */,
				E7CCC16F41B3BF38F3AFB2C9 /* FT8Modulator.swift in Sources */,
				DAA141A430E5D8FF2201E904 /* FT8Protocol.swift in Sources */,
				E409D68845E8DB65BF6A02CD /* HamlibRig.swift in Sources */,
				8720DD51995DA5D5CA21DC88 /* IOKitUSBSerial.m in Sources */,
				ACFEF84CE50EB7CB5D1D3B5B /* JS8CRC.swift in Sources */,
				89CA2F072218AE7A16625C59 /* JS8CostasSync.swift in Sources */,
				56454416AC5E0719E6594B03 /* JS8Demodulator.swift in Sources */,
				FAEB95B767BE19E8293239E5 /* JS8LDPC.swift in Sources */,
				D945D8CD0010A1F5C266E9E0 /* JS8Modulator.swift in Sources */,
				A610F56A8E75AF78DA03BB31 /* JS8Protocol.swift in Sources */,
				3ADAE0FFB514D7FC85E78D19 /* PackMessage.swift in Sources */,
				064254843EF46811A0F64A1C /* QSOPanelView.swift in Sources */,
				4E98547E4734AB6FB01A7214 /* SerialPort.swift in Sources */,
				9D2A5A6C306BF35B02D878D3 /* Station.swift in Sources */,
				9333C074877601AFBDC6BCD0 /* TransmitView.swift in Sources */,
				136A0BADE21424C318DEFD97 /* WaterfallView.swift in Sources */,
				FDF44DC5CB1DEFB68997677F /* hamlib_missing.c in Sources */,
				3DF64C06C73485A71513FA8D /* Message.swift in Sources */,
				F10FFE3027865181398D74FA /* Settings.swift in Sources */,
				2D0914D5AF03A0443965406F /* RadioProfile.swift in Sources */,
				DE0FC3664ACDB359FBF073A6 /* FT8FrequencyView.swift in Sources */,
				E373813AA45A1E073A02B5EF /* FT8MessageListView.swift in Sources */,
				5566A55A16186E0E1581034E /* JS8FrequencyView.swift in Sources */,
				7F6AF5B670633B922C8517AB /* JS8MessageListView.swift in Sources */,
				E51138FCA16481FB3930D216 /* SettingsView.swift in Sources */,
				98BAAD4DDFF444E3E7195165 /* CWView.swift in Sources */,
				B1C2D3E4F5A6B7C8D9E0F1A2 /* MorseKeyShape.swift in Sources */,
				D1E2F3A4B5C6D7E8F9A0B1C2 /* CWWaterfallView.swift in Sources */,
				C2D3E4F5A6B7C8D9E0F1A2B3 /* JS8Icon.swift in Sources */,
							CE30ACCD282740EBA145B5D8 /* LocationManager.swift in Sources */,
				C1965A33FBCC4728BD53D4DF /* BandPlan.swift in Sources */,
				895AA7806CBE4034873A908F /* cw_decoder.c in Sources */,
				2F4D06F3D4614BF5A33C4584 /* iir_filter.c in Sources */,
				1FF8D79DBBD745A18397D012 /* iir_filter_neon.c in Sources */,
				1E75AB85B60449F382BF827E /* envelope.c in Sources */,
				75A4E287C49744B48AE753DF /* envelope_neon.c in Sources */,
				3D38325041224F90B52708EA /* morse_table.c in Sources */,
				FB80595FCE204D208E63087A /* timing.c in Sources */,
				5209CBB95EF2468BAB57B2B6 /* output_filter.c in Sources */,
				E2112DC554CE4287992E1D0B /* kalman.c in Sources */,
				E2AD17D58F154912ADF38F8C /* multipass_avg.c in Sources */,
				EB62927D3F374271BA782020 /* simd_detect.c in Sources */,
				3C53BD5574B0412DA14C2828 /* CWDecoder.swift in Sources */,

				A1B2C3D4E5F67890ABCD1235 /* TruSDXSerialAudio.swift in Sources */,
				AA11BB22CC33DD44EE55FF02 /* ggmorse.cpp in Sources */,
				AA11BB22CC33DD44EE55FF04 /* resampler.cpp in Sources */,
				AA11BB22CC33DD44EE55FF06 /* ggmorse_c_api.mm in Sources */,
				AA11BB22CC33DD44EE55FF08 /* GGMorseDecoder.swift in Sources */,);
			runOnlyForDeploymentPostprocessing = 0;
		};
/* End PBXSourcesBuildPhase section */

/* Begin XCBuildConfiguration section */
		740A430D440BE14607885B31 /* Release */ = {
			isa = XCBuildConfiguration;
			buildSettings = {
				ASSETCATALOG_COMPILER_APPICON_NAME = AppIcon;
				CODE_SIGN_IDENTITY = "iPhone Developer";
				CURRENT_PROJECT_VERSION = 1;
				DEVELOPMENT_TEAM = "";
				INFOPLIST_FILE = DigiFox/Info.plist;
				LD_RUNPATH_SEARCH_PATHS = (
					"$(inherited)",
					"@executable_path/Frameworks",
				);
				MARKETING_VERSION = 0.1.0;
				PRODUCT_BUNDLE_IDENTIFIER = com.digifox.app;
				SDKROOT = iphoneos;
				TARGETED_DEVICE_FAMILY = "1,2";
				GENERATE_INFOPLIST_FILE = NO;
				SWIFT_VERSION = 5.0;
				SWIFT_OBJC_BRIDGING_HEADER = "DigiFox/DigiFox-Bridging-Header.h";
				HEADER_SEARCH_PATHS = (
					"$(PROJECT_DIR)/vendor/hamlib/include",
					"$(PROJECT_DIR)/DigiFox/Codec/CW",
"$(PROJECT_DIR)/vendor/ggmorse",
				);
				"HEADER_SEARCH_PATHS[sdk=iphoneos*]" = (
					"$(PROJECT_DIR)/vendor/hamlib/include",
					"$(PROJECT_DIR)/DigiFox/Codec/CW",
"$(PROJECT_DIR)/vendor/ggmorse",
					"$(PROJECT_DIR)/Frameworks/Hamlib.xcframework/ios-arm64/Headers",
				);
				"HEADER_SEARCH_PATHS[sdk=iphonesimulator*]" = (
					"$(PROJECT_DIR)/vendor/hamlib/include",
					"$(PROJECT_DIR)/DigiFox/Codec/CW",
"$(PROJECT_DIR)/vendor/ggmorse",
					"$(PROJECT_DIR)/Frameworks/Hamlib.xcframework/ios-arm64-simulator/Headers",
				);
				"LIBRARY_SEARCH_PATHS[sdk=iphoneos*]" = "$(PROJECT_DIR)/Frameworks/Hamlib.xcframework/ios-arm64";
				"LIBRARY_SEARCH_PATHS[sdk=iphonesimulator*]" = "$(PROJECT_DIR)/Frameworks/Hamlib.xcframework/ios-arm64-simulator";
				OTHER_LDFLAGS = "-lhamlib";
				IPHONEOS_DEPLOYMENT_TARGET = 17.0;
				CODE_SIGN_ENTITLEMENTS = "DigiFox/DigiFox.entitlements";
				SWIFT_EMIT_LOC_STRINGS = YES;
			};
			name = Release;
		};
		A6FC6807E711AFB81AA82856 /* Debug */ = {
			isa = XCBuildConfiguration;
			buildSettings = {
				ASSETCATALOG_COMPILER_APPICON_NAME = AppIcon;
				CODE_SIGN_IDENTITY = "iPhone Developer";
				CURRENT_PROJECT_VERSION = 1;
				DEVELOPMENT_TEAM = "";
				INFOPLIST_FILE = DigiFox/Info.plist;
				LD_RUNPATH_SEARCH_PATHS = (
					"$(inherited)",
					"@executable_path/Frameworks",
				);
				MARKETING_VERSION = 0.1.0;
				PRODUCT_BUNDLE_IDENTIFIER = com.digifox.app;
				SDKROOT = iphoneos;
				TARGETED_DEVICE_FAMILY = "1,2";
				GENERATE_INFOPLIST_FILE = NO;
				SWIFT_VERSION = 5.0;
				SWIFT_OBJC_BRIDGING_HEADER = "DigiFox/DigiFox-Bridging-Header.h";
				HEADER_SEARCH_PATHS = (
					"$(PROJECT_DIR)/vendor/hamlib/include",
					"$(PROJECT_DIR)/DigiFox/Codec/CW",
"$(PROJECT_DIR)/vendor/ggmorse",
				);
				"HEADER_SEARCH_PATHS[sdk=iphoneos*]" = (
					"$(PROJECT_DIR)/vendor/hamlib/include",
					"$(PROJECT_DIR)/DigiFox/Codec/CW",
"$(PROJECT_DIR)/vendor/ggmorse",
					"$(PROJECT_DIR)/Frameworks/Hamlib.xcframework/ios-arm64/Headers",
				);
				"HEADER_SEARCH_PATHS[sdk=iphonesimulator*]" = (
					"$(PROJECT_DIR)/vendor/hamlib/include",
					"$(PROJECT_DIR)/DigiFox/Codec/CW",
"$(PROJECT_DIR)/vendor/ggmorse",
					"$(PROJECT_DIR)/Frameworks/Hamlib.xcframework/ios-arm64-simulator/Headers",
				);
				"LIBRARY_SEARCH_PATHS[sdk=iphoneos*]" = "$(PROJECT_DIR)/Frameworks/Hamlib.xcframework/ios-arm64";
				"LIBRARY_SEARCH_PATHS[sdk=iphonesimulator*]" = "$(PROJECT_DIR)/Frameworks/Hamlib.xcframework/ios-arm64-simulator";
				OTHER_LDFLAGS = "-lhamlib";
				IPHONEOS_DEPLOYMENT_TARGET = 17.0;
				CODE_SIGN_ENTITLEMENTS = "DigiFox/DigiFox.entitlements";
				SWIFT_EMIT_LOC_STRINGS = YES;
			};
			name = Debug;
		};
		F450EA02D0205EE3F6FE7B55 /* Release */ = {
			isa = XCBuildConfiguration;
			buildSettings = {
				ALWAYS_SEARCH_USER_PATHS = NO;
				CLANG_ANALYZER_NONNULL = YES;
				CLANG_ANALYZER_NUMBER_OBJECT_CONVERSION = YES_AGGRESSIVE;
				CLANG_CXX_LANGUAGE_STANDARD = "gnu++14";
				CLANG_CXX_LIBRARY = "libc++";
				CLANG_ENABLE_MODULES = YES;
				CLANG_ENABLE_OBJC_ARC = YES;
				CLANG_ENABLE_OBJC_WEAK = YES;
				CLANG_WARN_BLOCK_CAPTURE_AUTORELEASING = YES;
				CLANG_WARN_BOOL_CONVERSION = YES;
				CLANG_WARN_COMMA = YES;
				CLANG_WARN_CONSTANT_CONVERSION = YES;
				CLANG_WARN_DEPRECATED_OBJC_IMPLEMENTATIONS = YES;
				CLANG_WARN_DIRECT_OBJC_ISA_USAGE = YES_ERROR;
				CLANG_WARN_DOCUMENTATION_COMMENTS = YES;
				CLANG_WARN_EMPTY_BODY = YES;
				CLANG_WARN_ENUM_CONVERSION = YES;
				CLANG_WARN_INFINITE_RECURSION = YES;
				CLANG_WARN_INT_CONVERSION = YES;
				CLANG_WARN_NON_LITERAL_NULL_CONVERSION = YES;
				CLANG_WARN_OBJC_IMPLICIT_RETAIN_SELF = YES;
				CLANG_WARN_OBJC_LITERAL_CONVERSION = YES;
				CLANG_WARN_OBJC_ROOT_CLASS = YES_ERROR;
				CLANG_WARN_QUOTED_INCLUDE_IN_FRAMEWORK_HEADER = YES;
				CLANG_WARN_RANGE_LOOP_ANALYSIS = YES;
				CLANG_WARN_STRICT_PROTOTYPES = YES;
				CLANG_WARN_SUSPICIOUS_MOVE = YES;
				CLANG_WARN_UNGUARDED_AVAILABILITY = YES_AGGRESSIVE;
				CLANG_WARN_UNREACHABLE_CODE = YES;
				CLANG_WARN__DUPLICATE_METHOD_MATCH = YES;
				COPY_PHASE_STRIP = NO;
				DEBUG_INFORMATION_FORMAT = "dwarf-with-dsym";
				ENABLE_NS_ASSERTIONS = NO;
				ENABLE_STRICT_OBJC_MSGSEND = YES;
				GCC_C_LANGUAGE_STANDARD = gnu11;
				GCC_NO_COMMON_BLOCKS = YES;
				GCC_WARN_64_TO_32_BIT_CONVERSION = YES;
				GCC_WARN_ABOUT_RETURN_TYPE = YES_ERROR;
				GCC_WARN_UNDECLARED_SELECTOR = YES;
				GCC_WARN_UNINITIALIZED_AUTOS = YES_AGGRESSIVE;
				GCC_WARN_UNUSED_FUNCTION = YES;
				GCC_WARN_UNUSED_VARIABLE = YES;
				IPHONEOS_DEPLOYMENT_TARGET = 17.0;
				MTL_ENABLE_DEBUG_INFO = NO;
				MTL_FAST_MATH = YES;
				PRODUCT_NAME = "$(TARGET_NAME)";
				SDKROOT = iphoneos;
				SWIFT_COMPILATION_MODE = wholemodule;
				SWIFT_OPTIMIZATION_LEVEL = "-O";
				SWIFT_VERSION = 5.9;
				TARGETED_DEVICE_FAMILY = "1,2";
				GENERATE_INFOPLIST_FILE = NO;
				SWIFT_VERSION = 5.0;
				SWIFT_OBJC_BRIDGING_HEADER = "DigiFox/DigiFox-Bridging-Header.h";
				HEADER_SEARCH_PATHS = (
					"$(PROJECT_DIR)/vendor/hamlib/include",
					"$(PROJECT_DIR)/DigiFox/Codec/CW",
"$(PROJECT_DIR)/vendor/ggmorse",
				);
				"HEADER_SEARCH_PATHS[sdk=iphoneos*]" = (
					"$(PROJECT_DIR)/vendor/hamlib/include",
					"$(PROJECT_DIR)/DigiFox/Codec/CW",
"$(PROJECT_DIR)/vendor/ggmorse",
					"$(PROJECT_DIR)/Frameworks/Hamlib.xcframework/ios-arm64/Headers",
				);
				"HEADER_SEARCH_PATHS[sdk=iphonesimulator*]" = (
					"$(PROJECT_DIR)/vendor/hamlib/include",
					"$(PROJECT_DIR)/DigiFox/Codec/CW",
"$(PROJECT_DIR)/vendor/ggmorse",
					"$(PROJECT_DIR)/Frameworks/Hamlib.xcframework/ios-arm64-simulator/Headers",
				);
				"LIBRARY_SEARCH_PATHS[sdk=iphoneos*]" = "$(PROJECT_DIR)/Frameworks/Hamlib.xcframework/ios-arm64";
				"LIBRARY_SEARCH_PATHS[sdk=iphonesimulator*]" = "$(PROJECT_DIR)/Frameworks/Hamlib.xcframework/ios-arm64-simulator";
				OTHER_LDFLAGS = "-lhamlib";
				IPHONEOS_DEPLOYMENT_TARGET = 17.0;
				CODE_SIGN_ENTITLEMENTS = "DigiFox/DigiFox.entitlements";
				SWIFT_EMIT_LOC_STRINGS = YES;
			};
			name = Release;
		};
		FDC30D98FADD8E48BD0507AF /* Debug */ = {
			isa = XCBuildConfiguration;
			buildSettings = {
				ALWAYS_SEARCH_USER_PATHS = NO;
				CLANG_ANALYZER_NONNULL = YES;
				CLANG_ANALYZER_NUMBER_OBJECT_CONVERSION = YES_AGGRESSIVE;
				CLANG_CXX_LANGUAGE_STANDARD = "gnu++14";
				CLANG_CXX_LIBRARY = "libc++";
				CLANG_ENABLE_MODULES = YES;
				CLANG_ENABLE_OBJC_ARC = YES;
				CLANG_ENABLE_OBJC_WEAK = YES;
				CLANG_WARN_BLOCK_CAPTURE_AUTORELEASING = YES;
				CLANG_WARN_BOOL_CONVERSION = YES;
				CLANG_WARN_COMMA = YES;
				CLANG_WARN_CONSTANT_CONVERSION = YES;
				CLANG_WARN_DEPRECATED_OBJC_IMPLEMENTATIONS = YES;
				CLANG_WARN_DIRECT_OBJC_ISA_USAGE = YES_ERROR;
				CLANG_WARN_DOCUMENTATION_COMMENTS = YES;
				CLANG_WARN_EMPTY_BODY = YES;
				CLANG_WARN_ENUM_CONVERSION = YES;
				CLANG_WARN_INFINITE_RECURSION = YES;
				CLANG_WARN_INT_CONVERSION = YES;
				CLANG_WARN_NON_LITERAL_NULL_CONVERSION = YES;
				CLANG_WARN_OBJC_IMPLICIT_RETAIN_SELF = YES;
				CLANG_WARN_OBJC_LITERAL_CONVERSION = YES;
				CLANG_WARN_OBJC_ROOT_CLASS = YES_ERROR;
				CLANG_WARN_QUOTED_INCLUDE_IN_FRAMEWORK_HEADER = YES;
				CLANG_WARN_RANGE_LOOP_ANALYSIS = YES;
				CLANG_WARN_STRICT_PROTOTYPES = YES;
				CLANG_WARN_SUSPICIOUS_MOVE = YES;
				CLANG_WARN_UNGUARDED_AVAILABILITY = YES_AGGRESSIVE;
				CLANG_WARN_UNREACHABLE_CODE = YES;
				CLANG_WARN__DUPLICATE_METHOD_MATCH = YES;
				COPY_PHASE_STRIP = NO;
				DEBUG_INFORMATION_FORMAT = dwarf;
				ENABLE_STRICT_OBJC_MSGSEND = YES;
				ENABLE_TESTABILITY = YES;
				GCC_C_LANGUAGE_STANDARD = gnu11;
				GCC_DYNAMIC_NO_PIC = NO;
				GCC_NO_COMMON_BLOCKS = YES;
				GCC_OPTIMIZATION_LEVEL = 0;
				GCC_PREPROCESSOR_DEFINITIONS = (
					"$(inherited)",
					"DEBUG=1",
				);
				GCC_WARN_64_TO_32_BIT_CONVERSION = YES;
				GCC_WARN_ABOUT_RETURN_TYPE = YES_ERROR;
				GCC_WARN_UNDECLARED_SELECTOR = YES;
				GCC_WARN_UNINITIALIZED_AUTOS = YES_AGGRESSIVE;
				GCC_WARN_UNUSED_FUNCTION = YES;
				GCC_WARN_UNUSED_VARIABLE = YES;
				IPHONEOS_DEPLOYMENT_TARGET = 17.0;
				MTL_ENABLE_DEBUG_INFO = INCLUDE_SOURCE;
				MTL_FAST_MATH = YES;
				ONLY_ACTIVE_ARCH = YES;
				PRODUCT_NAME = "$(TARGET_NAME)";
				SDKROOT = iphoneos;
				SWIFT_ACTIVE_COMPILATION_CONDITIONS = DEBUG;
				SWIFT_OPTIMIZATION_LEVEL = "-Onone";
				SWIFT_VERSION = 5.9;
				TARGETED_DEVICE_FAMILY = "1,2";
				GENERATE_INFOPLIST_FILE = NO;
				SWIFT_VERSION = 5.0;
				SWIFT_OBJC_BRIDGING_HEADER = "DigiFox/DigiFox-Bridging-Header.h";
				HEADER_SEARCH_PATHS = (
					"$(PROJECT_DIR)/vendor/hamlib/include",
					"$(PROJECT_DIR)/DigiFox/Codec/CW",
"$(PROJECT_DIR)/vendor/ggmorse",
				);
				"HEADER_SEARCH_PATHS[sdk=iphoneos*]" = (
					"$(PROJECT_DIR)/vendor/hamlib/include",
					"$(PROJECT_DIR)/DigiFox/Codec/CW",
"$(PROJECT_DIR)/vendor/ggmorse",
					"$(PROJECT_DIR)/Frameworks/Hamlib.xcframework/ios-arm64/Headers",
				);
				"HEADER_SEARCH_PATHS[sdk=iphonesimulator*]" = (
					"$(PROJECT_DIR)/vendor/hamlib/include",
					"$(PROJECT_DIR)/DigiFox/Codec/CW",
"$(PROJECT_DIR)/vendor/ggmorse",
					"$(PROJECT_DIR)/Frameworks/Hamlib.xcframework/ios-arm64-simulator/Headers",
				);
				"LIBRARY_SEARCH_PATHS[sdk=iphoneos*]" = "$(PROJECT_DIR)/Frameworks/Hamlib.xcframework/ios-arm64";
				"LIBRARY_SEARCH_PATHS[sdk=iphonesimulator*]" = "$(PROJECT_DIR)/Frameworks/Hamlib.xcframework/ios-arm64-simulator";
				OTHER_LDFLAGS = "-lhamlib";
				IPHONEOS_DEPLOYMENT_TARGET = 17.0;
				CODE_SIGN_ENTITLEMENTS = "DigiFox/DigiFox.entitlements";
				SWIFT_EMIT_LOC_STRINGS = YES;
			};
			name = Debug;
		};
/* End XCBuildConfiguration section */

/* Begin XCConfigurationList section */
		90B13F05ED0D3BA23D4F8A8D /* Build configuration list for PBXProject "DigiFox" */ = {
			isa = XCConfigurationList;
			buildConfigurations = (
				FDC30D98FADD8E48BD0507AF /* Debug */,
				F450EA02D0205EE3F6FE7B55 /* Release */,
			);
			defaultConfigurationIsVisible = 0;
			defaultConfigurationName = Debug;
		};
		D046ED489AA4F7047CE3A9AC /* Build configuration list for PBXNativeTarget "DigiFox" */ = {
			isa = XCConfigurationList;
			buildConfigurations = (
				A6FC6807E711AFB81AA82856 /* Debug */,
				740A430D440BE14607885B31 /* Release */,
			);
			defaultConfigurationIsVisible = 0;
			defaultConfigurationName = Debug;
		};
/* End XCConfigurationList section */
	};
	rootObject = A4BAE52D63E8EF221C9AA163 /* Project object */;
}
